
Microsoft Visual Studio Solution File, Format Version 12.00
# Visual Studio 14
VisualStudioVersion = 14.0.25420.1
MinimumVisualStudioVersion = 10.0.40219.1
Project("{A0786B88-2ADB-4C21-ABE8-AA2D79766269}") = "Virteom.ApiClient.Php", "Virteom.ApiClient.Php.phpproj", "{AFE94DD6-6AE2-4D7A-BCD3-813DC167A923}"
EndProject
Project("{A0786B88-2ADB-4C21-ABE8-AA2D79766269}") = "ClientExample", "ClientExample\ClientExample.phpproj", "{6256E624-30FE-4AFC-85B3-3CFDA69A6900}"
EndProject
Global
	GlobalSection(SolutionConfigurationPlatforms) = preSolution
		Debug|Any CPU = Debug|Any CPU
		Release|Any CPU = Release|Any CPU
	EndGlobalSection
	GlobalSection(ProjectConfigurationPlatforms) = postSolution
		{AFE94DD6-6AE2-4D7A-BCD3-813DC167A923}.Debug|Any CPU.ActiveCfg = Debug|Any CPU
		{AFE94DD6-6AE2-4D7A-BCD3-813DC167A923}.Debug|Any CPU.Build.0 = Debug|Any CPU
		{AFE94DD6-6AE2-4D7A-BCD3-813DC167A923}.Release|Any CPU.ActiveCfg = Release|Any CPU
		{AFE94DD6-6AE2-4D7A-BCD3-813DC167A923}.Release|Any CPU.Build.0 = Release|Any CPU
		{6256E624-30FE-4AFC-85B3-3CFDA69A6900}.Debug|Any CPU.ActiveCfg = Debug|Any CPU
		{6256E624-30FE-4AFC-85B3-3CFDA69A6900}.Debug|Any CPU.Build.0 = Debug|Any CPU
		{6256E624-30FE-4AFC-85B3-3CFDA69A6900}.Release|Any CPU.ActiveCfg = Release|Any CPU
		{6256E624-30FE-4AFC-85B3-3CFDA69A6900}.Release|Any CPU.Build.0 = Release|Any CPU
	EndGlobalSection
	GlobalSection(SolutionProperties) = preSolution
		HideSolutionNode = FALSE
	EndGlobalSection
EndGlobal
